
Microsoft Visual Studio Solution File, Format Version 12.00
# Visual Studio 15
VisualStudioVersion = 15.0.26730.10
MinimumVisualStudioVersion = 10.0.40219.1
Project("{E24C65DC-7377-472B-9ABA-BC803B73C61A}") = "Nudibranchs", "http://localhost/Nudibranchs", "{C8C0AAC2-71C8-4A15-B453-F13D70D983E7}"
	ProjectSection(WebsiteProperties) = preProject
		UseIISExpress = "false"
		TargetFrameworkMoniker = ".NETFramework,Version%3Dv4.0"
		Debug.AspNetCompiler.VirtualPath = "/Nudibranchs"
		Debug.AspNetCompiler.PhysicalPath = "websites\Nudibranchs\"
		Debug.AspNetCompiler.TargetPath = "PrecompiledWeb\Nudibranchs\"
		Debug.AspNetCompiler.Updateable = "true"
		Debug.AspNetCompiler.ForceOverwrite = "true"
		Debug.AspNetCompiler.FixedNames = "false"
		Debug.AspNetCompiler.Debug = "True"
		Release.AspNetCompiler.VirtualPath = "/Nudibranchs"
		Release.AspNetCompiler.PhysicalPath = "websites\Nudibranchs\"
		Release.AspNetCompiler.TargetPath = "PrecompiledWeb\Nudibranchs\"
		Release.AspNetCompiler.Updateable = "true"
		Release.AspNetCompiler.ForceOverwrite = "true"
		Release.AspNetCompiler.FixedNames = "false"
		Release.AspNetCompiler.Debug = "False"
		SlnRelativePath = "websites\Nudibranchs\"
	EndProjectSection
EndProject
Global
	GlobalSection(SolutionConfigurationPlatforms) = preSolution
		Debug|Any CPU = Debug|Any CPU
	EndGlobalSection
	GlobalSection(ProjectConfigurationPlatforms) = postSolution
		{C8C0AAC2-71C8-4A15-B453-F13D70D983E7}.Debug|Any CPU.ActiveCfg = Debug|Any CPU
		{C8C0AAC2-71C8-4A15-B453-F13D70D983E7}.Debug|Any CPU.Build.0 = Debug|Any CPU
	EndGlobalSection
	GlobalSection(SolutionProperties) = preSolution
		HideSolutionNode = FALSE
	EndGlobalSection
	GlobalSection(ExtensibilityGlobals) = postSolution
		SolutionGuid = {D9F73757-84FA-4853-958A-939407FE4D81}
	EndGlobalSection
EndGlobal
